
Microsoft Visual Studio Solution File, Format Version 12.00
# Visual Studio Version 16
VisualStudioVersion = 16.0.31729.503
MinimumVisualStudioVersion = 10.0.40219.1
Project("{FAE04EC0-301F-11D3-BF4B-00C04F79EFBC}") = "LibAPI", "LibAPI.csproj", "{544CFDCC-8943-4CC9-890A-2207B2F7B271}"
EndProject
Global
	GlobalSection(SolutionConfigurationPlatforms) = preSolution
		Debug|Any CPU = Debug|Any CPU
		Release|Any CPU = Release|Any CPU
	EndGlobalSection
	GlobalSection(ProjectConfigurationPlatforms) = postSolution
		{544CFDCC-8943-4CC9-890A-2207B2F7B271}.Debug|Any CPU.ActiveCfg = Debug|Any CPU
		{544CFDCC-8943-4CC9-890A-2207B2F7B271}.Debug|Any CPU.Build.0 = Debug|Any CPU
		{544CFDCC-8943-4CC9-890A-2207B2F7B271}.Release|Any CPU.ActiveCfg = Release|Any CPU
		{544CFDCC-8943-4CC9-890A-2207B2F7B271}.Release|Any CPU.Build.0 = Release|Any CPU
	EndGlobalSection
	GlobalSection(SolutionProperties) = preSolution
		HideSolutionNode = FALSE
	EndGlobalSection
	GlobalSection(ExtensibilityGlobals) = postSolution
		SolutionGuid = {524F309D-89EB-4841-B13D-A374160EBDED}
	EndGlobalSection
EndGlobal
